
Microsoft Visual Studio Solution File, Format Version 12.00
# Visual Studio Version 17
VisualStudioVersion = 17.13.35828.75 d17.13
MinimumVisualStudioVersion = 10.0.40219.1
Project("{FAE04EC0-301F-11D3-BF4B-00C04F79EFBC}") = "TShop.API", "TShop.API\TShop.API.csproj", "{304D5F1D-88BD-476F-A13E-59619F3E45EF}"
EndProject
Global
	GlobalSection(SolutionConfigurationPlatforms) = preSolution
		Debug|Any CPU = Debug|Any CPU
		Release|Any CPU = Release|Any CPU
	EndGlobalSection
	GlobalSection(ProjectConfigurationPlatforms) = postSolution
		{304D5F1D-88BD-476F-A13E-59619F3E45EF}.Debug|Any CPU.ActiveCfg = Debug|Any CPU
		{304D5F1D-88BD-476F-A13E-59619F3E45EF}.Debug|Any CPU.Build.0 = Debug|Any CPU
		{304D5F1D-88BD-476F-A13E-59619F3E45EF}.Release|Any CPU.ActiveCfg = Release|Any CPU
		{304D5F1D-88BD-476F-A13E-59619F3E45EF}.Release|Any CPU.Build.0 = Release|Any CPU
	EndGlobalSection
	GlobalSection(SolutionProperties) = preSolution
		HideSolutionNode = FALSE
	EndGlobalSection
	GlobalSection(ExtensibilityGlobals) = postSolution
		SolutionGuid = {5A374A34-2AA9-4739-A2C8-6C870402DA3D}
	EndGlobalSection
EndGlobal
